// !$*UTF8*$!
{
	archiveVersion = 1;
	classes = {
	};
	objectVersion = 55;
	objects = {

/* Begin PBXBuildFile section */
		CEB723DA276E62D500260842 /* AppDelegate.swift in Sources */ = {isa = PBXBuildFile; fileRef = CEB723D9276E62D500260842 /* AppDelegate.swift */; };
		CEB723DC276E62D500260842 /* SceneDelegate.swift in Sources */ = {isa = PBXBuildFile; fileRef = CEB723DB276E62D500260842 /* SceneDelegate.swift */; };
		CEB723DE276E62D500260842 /* ViewController.swift in Sources */ = {isa = PBXBuildFile; fileRef = CEB723DD276E62D500260842 /* ViewController.swift */; };
		CEB723E1276E62D500260842 /* Main.storyboard in Resources */ = {isa = PBXBuildFile; fileRef = CEB723DF276E62D500260842 /* Main.storyboard */; };
		CEB723E3276E62D600260842 /* Assets.xcassets in Resources */ = {isa = PBXBuildFile; fileRef = CEB723E2276E62D600260842 /* Assets.xcassets */; };
		CEB723E6276E62D600260842 /* LaunchScreen.storyboard in Resources */ = {isa = PBXBuildFile; fileRef = CEB723E4276E62D600260842 /* LaunchScreen.storyboard */; };
		CEB723F1276E62D600260842 /* InstagramSignUpTests.swift in Sources */ = {isa = PBXBuildFile; fileRef = CEB723F0276E62D600260842 /* InstagramSignUpTests.swift */; };
		CEB723FB276E62D700260842 /* InstagramSignUpUITests.swift in Sources */ = {isa = PBXBuildFile; fileRef = CEB723FA276E62D700260842 /* InstagramSignUpUITests.swift */; };
		CEB723FD276E62D700260842 /* InstagramSignUpUITestsLaunchTests.swift in Sources */ = {isa = PBXBuildFile; fileRef = CEB723FC276E62D700260842 /* InstagramSignUpUITestsLaunchTests.swift */; };
/* End PBXBuildFile section */

/* Begin PBXContainerItemProxy section */
		CEB723ED276E62D600260842 /* PBXContainerItemProxy */ = {
			isa = PBXContainerItemProxy;
			containerPortal = CEB723CE276E62D500260842 /* Project object */;
			proxyType = 1;
			remoteGlobalIDString = CEB723D5276E62D500260842;
			remoteInfo = InstagramSignUp;
		};
		CEB723F7276E62D700260842 /* PBXContainerItemProxy */ = {
			isa = PBXContainerItemProxy;
			containerPortal = CEB723CE276E62D500260842 /* Project object */;
			proxyType = 1;
			remoteGlobalIDString = CEB723D5276E62D500260842;
			remoteInfo = InstagramSignUp;
		};
/* End PBXContainerItemProxy section */

/* Begin PBXFileReference section */
		CEB723D6276E62D500260842 /* InstagramSignUp.app */ = {isa = PBXFileReference; explicitFileType = wrapper.application; includeInIndex = 0; path = InstagramSignUp.app; sourceTree = BUILT_PRODUCTS_DIR; };
		CEB723D9276E62D500260842 /* AppDelegate.swift */ = {isa = PBXFileReference; lastKnownFileType = sourcecode.swift; path = AppDelegate.swift; sourceTree = "<group>"; };
		CEB723DB276E62D500260842 /* SceneDelegate.swift */ = {isa = PBXFileReference; lastKnownFileType = sourcecode.swift; path = SceneDelegate.swift; sourceTree = "<group>"; };
		CEB723DD276E62D500260842 /* ViewController.swift */ = {isa = PBXFileReference; lastKnownFileType = sourcecode.swift; path = ViewController.swift; sourceTree = "<group>"; };
		CEB723E0276E62D500260842 /* Base */ = {isa = PBXFileReference; lastKnownFileType = file.storyboard; name = Base; path = Base.lproj/Main.storyboard; sourceTree = "<group>"; };
		CEB723E2276E62D600260842 /* Assets.xcassets */ = {isa = PBXFileReference; lastKnownFileType = folder.assetcatalog; path = Assets.xcassets; sourceTree = "<group>"; };
		CEB723E5276E62D600260842 /* Base */ = {isa = PBXFileReference; lastKnownFileType = file.storyboard; name = Base; path = Base.lproj/LaunchScreen.storyboard; sourceTree = "<group>"; };
		CEB723E7276E62D600260842 /* Info.plist */ = {isa = PBXFileReference; lastKnownFileType = text.plist.xml; path = Info.plist; sourceTree = "<group>"; };
		CEB723EC276E62D600260842 /* InstagramSignUpTests.xctest */ = {isa = PBXFileReference; explicitFileType = wrapper.cfbundle; includeInIndex = 0; path = InstagramSignUpTests.xctest; sourceTree = BUILT_PRODUCTS_DIR; };
		CEB723F0276E62D600260842 /* InstagramSignUpTests.swift */ = {isa = PBXFileReference; lastKnownFileType = sourcecode.swift; path = InstagramSignUpTests.swift; sourceTree = "<group>"; };
		CEB723F6276E62D700260842 /* InstagramSignUpUITests.xctest */ = {isa = PBXFileReference; explicitFileType = wrapper.cfbundle; includeInIndex = 0; path = InstagramSignUpUITests.xctest; sourceTree = BUILT_PRODUCTS_DIR; };
		CEB723FA276E62D700260842 /* InstagramSignUpUITests.swift */ = {isa = PBXFileReference; lastKnownFileType = sourcecode.swift; path = InstagramSignUpUITests.swift; sourceTree = "<group>"; };
		CEB723FC276E62D700260842 /* InstagramSignUpUITestsLaunchTests.swift */ = {isa = PBXFileReference; lastKnownFileType = sourcecode.swift; path = InstagramSignUpUITestsLaunchTests.swift; sourceTree = "<group>"; };
/* End PBXFileReference section */

/* Begin PBXFrameworksBuildPhase section */
		CEB723D3276E62D500260842 /* Frameworks */ = {
			isa = PBXFrameworksBuildPhase;
			buildActionMask = 2147483647;
			files = (
			);
			runOnlyForDeploymentPostprocessing = 0;
		};
		CEB723E9276E62D600260842 /* Frameworks */ = {
			isa = PBXFrameworksBuildPhase;
			buildActionMask = 2147483647;
			files = (
			);
			runOnlyForDeploymentPostprocessing = 0;
		};
		CEB723F3276E62D700260842 /* Frameworks */ = {
			isa = PBXFrameworksBuildPhase;
			buildActionMask = 2147483647;
			files = (
			);
			runOnlyForDeploymentPostprocessing = 0;
		};
/* End PBXFrameworksBuildPhase section */

/* Begin PBXGroup section */
		CEB723CD276E62D500260842 = {
			isa = PBXGroup;
			children = (
				CEB723D8276E62D500260842 /* InstagramSignUp */,
				CEB723EF276E62D600260842 /* InstagramSignUpTests */,
				CEB723F9276E62D700260842 /* InstagramSignUpUITests */,
				CEB723D7276E62D500260842 /* Products */,
			);
			sourceTree = "<group>";
		};
		CEB723D7276E62D500260842 /* Products */ = {
			isa = PBXGroup;
			children = (
				CEB723D6276E62D500260842 /* InstagramSignUp.app */,
				CEB723EC276E62D600260842 /* InstagramSignUpTests.xctest */,
				CEB723F6276E62D700260842 /* InstagramSignUpUITests.xctest */,
			);
			name = Products;
			sourceTree = "<group>";
		};
		CEB723D8276E62D500260842 /* InstagramSignUp */ = {
			isa = PBXGroup;
			children = (
				CEB723D9276E62D500260842 /* AppDelegate.swift */,
				CEB723DB276E62D500260842 /* SceneDelegate.swift */,
				CEB723DD276E62D500260842 /* ViewController.swift */,
				CEB723DF276E62D500260842 /* Main.storyboard */,
				CEB723E2276E62D600260842 /* Assets.xcassets */,
				CEB723E4276E62D600260842 /* LaunchScreen.storyboard */,
				CEB723E7276E62D600260842 /* Info.plist */,
			);
			path = InstagramSignUp;
			sourceTree = "<group>";
		};
		CEB723EF276E62D600260842 /* InstagramSignUpTests */ = {
			isa = PBXGroup;
			children = (
				CEB723F0276E62D600260842 /* InstagramSignUpTests.swift */,
			);
			path = InstagramSignUpTests;
			sourceTree = "<group>";
		};
		CEB723F9276E62D700260842 /* InstagramSignUpUITests */ = {
			isa = PBXGroup;
			children = (
				CEB723FA276E62D700260842 /* InstagramSignUpUITests.swift */,
				CEB723FC276E62D700260842 /* InstagramSignUpUITestsLaunchTests.swift */,
			);
			path = InstagramSignUpUITests;
			sourceTree = "<group>";
		};
/* End PBXGroup section */

/* Begin PBXNativeTarget section */
		CEB723D5276E62D500260842 /* InstagramSignUp */ = {
			isa = PBXNativeTarget;
			buildConfigurationList = CEB72400276E62D700260842 /* Build configuration list for PBXNativeTarget "InstagramSignUp" */;
			buildPhases = (
				CEB723D2276E62D500260842 /* Sources */,
				CEB723D3276E62D500260842 /* Frameworks */,
				CEB723D4276E62D500260842 /* Resources */,
			);
			buildRules = (
			);
			dependencies = (
			);
			name = InstagramSignUp;
			productName = InstagramSignUp;
			productReference = CEB723D6276E62D500260842 /* InstagramSignUp.app */;
			productType = "com.apple.product-type.application";
		};
		CEB723EB276E62D600260842 /* InstagramSignUpTests */ = {
			isa = PBXNativeTarget;
			buildConfigurationList = CEB72403276E62D700260842 /* Build configuration list for PBXNativeTarget "InstagramSignUpTests" */;
			buildPhases = (
				CEB723E8276E62D600260842 /* Sources */,
				CEB723E9276E62D600260842 /* Frameworks */,
				CEB723EA276E62D600260842 /* Resources */,
			);
			buildRules = (
			);
			dependencies = (
				CEB723EE276E62D600260842 /* PBXTargetDependency */,
			);
			name = InstagramSignUpTests;
			productName = InstagramSignUpTests;
			productReference = CEB723EC276E62D600260842 /* InstagramSignUpTests.xctest */;
			productType = "com.apple.product-type.bundle.unit-test";
		};
		CEB723F5276E62D700260842 /* InstagramSignUpUITests */ = {
			isa = PBXNativeTarget;
			buildConfigurationList = CEB72406276E62D700260842 /* Build configuration list for PBXNativeTarget "InstagramSignUpUITests" */;
			buildPhases = (
				CEB723F2276E62D700260842 /* Sources */,
				CEB723F3276E62D700260842 /* Frameworks */,
				CEB723F4276E62D700260842 /* Resources */,
			);
			buildRules = (
			);
			dependencies = (
				CEB723F8276E62D700260842 /* PBXTargetDependency */,
			);
			name = InstagramSignUpUITests;
			productName = InstagramSignUpUITests;
			productReference = CEB723F6276E62D700260842 /* InstagramSignUpUITests.xctest */;
			productType = "com.apple.product-type.bundle.ui-testing";
		};
/* End PBXNativeTarget section */

/* Begin PBXProject section */
		CEB723CE276E62D500260842 /* Project object */ = {
			isa = PBXProject;
			attributes = {
				BuildIndependentTargetsInParallel = 1;
				LastSwiftUpdateCheck = 1320;
				LastUpgradeCheck = 1320;
				TargetAttributes = {
					CEB723D5276E62D500260842 = {
						CreatedOnToolsVersion = 13.2.1;
					};
					CEB723EB276E62D600260842 = {
						CreatedOnToolsVersion = 13.2.1;
						TestTargetID = CEB723D5276E62D500260842;
					};
					CEB723F5276E62D700260842 = {
						CreatedOnToolsVersion = 13.2.1;
						TestTargetID = CEB723D5276E62D500260842;
					};
				};
			};
			buildConfigurationList = CEB723D1276E62D500260842 /* Build configuration list for PBXProject "InstagramSignUp" */;
			compatibilityVersion = "Xcode 13.0";
			developmentRegion = en;
			hasScannedForEncodings = 0;
			knownRegions = (
				en,
				Base,
			);
			mainGroup = CEB723CD276E62D500260842;
			productRefGroup = CEB723D7276E62D500260842 /* Products */;
			projectDirPath = "";
			projectRoot = "";
			targets = (
				CEB723D5276E62D500260842 /* InstagramSignUp */,
				CEB723EB276E62D600260842 /* InstagramSignUpTests */,
				CEB723F5276E62D700260842 /* InstagramSignUpUITests */,
			);
		};
/* End PBXProject section */

/* Begin PBXResourcesBuildPhase section */
		CEB723D4276E62D500260842 /* Resources */ = {
			isa = PBXResourcesBuildPhase;
			buildActionMask = 2147483647;
			files = (
				CEB723E6276E62D600260842 /* LaunchScreen.storyboard in Resources */,
				CEB723E3276E62D600260842 /* Assets.xcassets in Resources */,
				CEB723E1276E62D500260842 /* Main.storyboard in Resources */,
			);
			runOnlyForDeploymentPostprocessing = 0;
		};
		CEB723EA276E62D600260842 /* Resources */ = {
			isa = PBXResourcesBuildPhase;
			buildActionMask = 2147483647;
			files = (
			);
			runOnlyForDeploymentPostprocessing = 0;
		};
		CEB723F4276E62D700260842 /* Resources */ = {
			isa = PBXResourcesBuildPhase;
			buildActionMask = 2147483647;
			files = (
			);
			runOnlyForDeploymentPostprocessing = 0;
		};
/* End PBXResourcesBuildPhase section */

/* Begin PBXSourcesBuildPhase section */
		CEB723D2276E62D500260842 /* Sources */ = {
			isa = PBXSourcesBuildPhase;
			buildActionMask = 2147483647;
			files = (
				CEB723DE276E62D500260842 /* ViewController.swift in Sources */,
				CEB723DA276E62D500260842 /* AppDelegate.swift in Sources */,
				CEB723DC276E62D500260842 /* SceneDelegate.swift in Sources */,
			);
			runOnlyForDeploymentPostprocessing = 0;
		};
		CEB723E8276E62D600260842 /* Sources */ = {
			isa = PBXSourcesBuildPhase;
			buildActionMask = 2147483647;
			files = (
				CEB723F1276E62D600260842 /* InstagramSignUpTests.swift in Sources */,
			);
			runOnlyForDeploymentPostprocessing = 0;
		};
		CEB723F2276E62D700260842 /* Sources */ = {
			isa = PBXSourcesBuildPhase;
			buildActionMask = 2147483647;
			files = (
				CEB723FB276E62D700260842 /* InstagramSignUpUITests.swift in Sources */,
				CEB723FD276E62D700260842 /* InstagramSignUpUITestsLaunchTests.swift in Sources */,
			);
			runOnlyForDeploymentPostprocessing = 0;
		};
/* End PBXSourcesBuildPhase section */

/* Begin PBXTargetDependency section */
		CEB723EE276E62D600260842 /* PBXTargetDependency */ = {
			isa = PBXTargetDependency;
			target = CEB723D5276E62D500260842 /* InstagramSignUp */;
			targetProxy = CEB723ED276E62D600260842 /* PBXContainerItemProxy */;
		};
		CEB723F8276E62D700260842 /* PBXTargetDependency */ = {
			isa = PBXTargetDependency;
			target = CEB723D5276E62D500260842 /* InstagramSignUp */;
			targetProxy = CEB723F7276E62D700260842 /* PBXContainerItemProxy */;
		};
/* End PBXTargetDependency section */

/* Begin PBXVariantGroup section */
		CEB723DF276E62D500260842 /* Main.storyboard */ = {
			isa = PBXVariantGroup;
			children = (
				CEB723E0276E62D500260842 /* Base */,
			);
			name = Main.storyboard;
			sourceTree = "<group>";
		};
		CEB723E4276E62D600260842 /* LaunchScreen.storyboard */ = {
			isa = PBXVariantGroup;
			children = (
				CEB723E5276E62D600260842 /* Base */,
			);
			name = LaunchScreen.storyboard;
			sourceTree = "<group>";
		};
/* End PBXVariantGroup section */

/* Begin XCBuildConfiguration section */
		CEB723FE276E62D700260842 /* Debug */ = {
			isa = XCBuildConfiguration;
			buildSettings = {
				ALWAYS_SEARCH_USER_PATHS = NO;
				CLANG_ANALYZER_NONNULL = YES;
				CLANG_ANALYZER_NUMBER_OBJECT_CONVERSION = YES_AGGRESSIVE;
				CLANG_CXX_LANGUAGE_STANDARD = "gnu++17";
				CLANG_CXX_LIBRARY = "libc++";
				CLANG_ENABLE_MODULES = YES;
				CLANG_ENABLE_OBJC_ARC = YES;
				CLANG_ENABLE_OBJC_WEAK = YES;
				CLANG_WARN_BLOCK_CAPTURE_AUTORELEASING = YES;
				CLANG_WARN_BOOL_CONVERSION = YES;
				CLANG_WARN_COMMA = YES;
				CLANG_WARN_CONSTANT_CONVERSION = YES;
				CLANG_WARN_DEPRECATED_OBJC_IMPLEMENTATIONS = YES;
				CLANG_WARN_DIRECT_OBJC_ISA_USAGE = YES_ERROR;
				CLANG_WARN_DOCUMENTATION_COMMENTS = YES;
				CLANG_WARN_EMPTY_BODY = YES;
				CLANG_WARN_ENUM_CONVERSION = YES;
				CLANG_WARN_INFINITE_RECURSION = YES;
				CLANG_WARN_INT_CONVERSION = YES;
				CLANG_WARN_NON_LITERAL_NULL_CONVERSION = YES;
				CLANG_WARN_OBJC_IMPLICIT_RETAIN_SELF = YES;
				CLANG_WARN_OBJC_LITERAL_CONVERSION = YES;
				CLANG_WARN_OBJC_ROOT_CLASS = YES_ERROR;
				CLANG_WARN_QUOTED_INCLUDE_IN_FRAMEWORK_HEADER = YES;
				CLANG_WARN_RANGE_LOOP_ANALYSIS = YES;
				CLANG_WARN_STRICT_PROTOTYPES = YES;
				CLANG_WARN_SUSPICIOUS_MOVE = YES;
				CLANG_WARN_UNGUARDED_AVAILABILITY = YES_AGGRESSIVE;
				CLANG_WARN_UNREACHABLE_CODE = YES;
				CLANG_WARN__DUPLICATE_METHOD_MATCH = YES;
				COPY_PHASE_STRIP = NO;
				DEBUG_INFORMATION_FORMAT = dwarf;
				ENABLE_STRICT_OBJC_MSGSEND = YES;
				ENABLE_TESTABILITY = YES;
				GCC_C_LANGUAGE_STANDARD = gnu11;
				GCC_DYNAMIC_NO_PIC = NO;
				GCC_NO_COMMON_BLOCKS = YES;
				GCC_OPTIMIZATION_LEVEL = 0;
				GCC_PREPROCESSOR_DEFINITIONS = (
					"DEBUG=1",
					"$(inherited)",
				);
				GCC_WARN_64_TO_32_BIT_CONVERSION = YES;
				GCC_WARN_ABOUT_RETURN_TYPE = YES_ERROR;
				GCC_WARN_UNDECLARED_SELECTOR = YES;
				GCC_WARN_UNINITIALIZED_AUTOS = YES_AGGRESSIVE;
				GCC_WARN_UNUSED_FUNCTION = YES;
				GCC_WARN_UNUSED_VARIABLE = YES;
				IPHONEOS_DEPLOYMENT_TARGET = 15.2;
				MTL_ENABLE_DEBUG_INFO = INCLUDE_SOURCE;
				MTL_FAST_MATH = YES;
				ONLY_ACTIVE_ARCH = YES;
				SDKROOT = iphoneos;
				SWIFT_ACTIVE_COMPILATION_CONDITIONS = DEBUG;
				SWIFT_OPTIMIZATION_LEVEL = "-Onone";
			};
			name = Debug;
		};
		CEB723FF276E62D700260842 /* Release */ = {
			isa = XCBuildConfiguration;
			buildSettings = {
				ALWAYS_SEARCH_USER_PATHS = NO;
				CLANG_ANALYZER_NONNULL = YES;
				CLANG_ANALYZER_NUMBER_OBJECT_CONVERSION = YES_AGGRESSIVE;
				CLANG_CXX_LANGUAGE_STANDARD = "gnu++17";
				CLANG_CXX_LIBRARY = "libc++";
				CLANG_ENABLE_MODULES = YES;
				CLANG_ENABLE_OBJC_ARC = YES;
				CLANG_ENABLE_OBJC_WEAK = YES;
				CLANG_WARN_BLOCK_CAPTURE_AUTORELEASING = YES;
				CLANG_WARN_BOOL_CONVERSION = YES;
				CLANG_WARN_COMMA = YES;
				CLANG_WARN_CONSTANT_CONVERSION = YES;
				CLANG_WARN_DEPRECATED_OBJC_IMPLEMENTATIONS = YES;
				CLANG_WARN_DIRECT_OBJC_ISA_USAGE = YES_ERROR;
				CLANG_WARN_DOCUMENTATION_COMMENTS = YES;
				CLANG_WARN_EMPTY_BODY = YES;
				CLANG_WARN_ENUM_CONVERSION = YES;
				CLANG_WARN_INFINITE_RECURSION = YES;
				CLANG_WARN_INT_CONVERSION = YES;
				CLANG_WARN_NON_LITERAL_NULL_CONVERSION = YES;
				CLANG_WARN_OBJC_IMPLICIT_RETAIN_SELF = YES;
				CLANG_WARN_OBJC_LITERAL_CONVERSION = YES;
				CLANG_WARN_OBJC_ROOT_CLASS = YES_ERROR;
				CLANG_WARN_QUOTED_INCLUDE_IN_FRAMEWORK_HEADER = YES;
				CLANG_WARN_RANGE_LOOP_ANALYSIS = YES;
				CLANG_WARN_STRICT_PROTOTYPES = YES;
				CLANG_WARN_SUSPICIOUS_MOVE = YES;
				CLANG_WARN_UNGUARDED_AVAILABILITY = YES_AGGRESSIVE;
				CLANG_WARN_UNREACHABLE_CODE = YES;
				CLANG_WARN__DUPLICATE_METHOD_MATCH = YES;
				COPY_PHASE_STRIP = NO;
				DEBUG_INFORMATION_FORMAT = "dwarf-with-dsym";
				ENABLE_NS_ASSERTIONS = NO;
				ENABLE_STRICT_OBJC_MSGSEND = YES;
				GCC_C_LANGUAGE_STANDARD = gnu11;
				GCC_NO_COMMON_BLOCKS = YES;
				GCC_WARN_64_TO_32_BIT_CONVERSION = YES;
				GCC_WARN_ABOUT_RETURN_TYPE = YES_ERROR;
				GCC_WARN_UNDECLARED_SELECTOR = YES;
				GCC_WARN_UNINITIALIZED_AUTOS = YES_AGGRESSIVE;
				GCC_WARN_UNUSED_FUNCTION = YES;
				GCC_WARN_UNUSED_VARIABLE = YES;
				IPHONEOS_DEPLOYMENT_TARGET = 15.2;
				MTL_ENABLE_DEBUG_INFO = NO;
				MTL_FAST_MATH = YES;
				SDKROOT = iphoneos;
				SWIFT_COMPILATION_MODE = wholemodule;
				SWIFT_OPTIMIZATION_LEVEL = "-O";
				VALIDATE_PRODUCT = YES;
			};
			name = Release;
		};
		CEB72401276E62D700260842 /* Debug */ = {
			isa = XCBuildConfiguration;
			buildSettings = {
				ASSETCATALOG_COMPILER_APPICON_NAME = AppIcon;
				ASSETCATALOG_COMPILER_GLOBAL_ACCENT_COLOR_NAME = AccentColor;
				CODE_SIGN_STYLE = Automatic;
				CURRENT_PROJECT_VERSION = 1;
				GENERATE_INFOPLIST_FILE = YES;
				INFOPLIST_FILE = InstagramSignUp/Info.plist;
				INFOPLIST_KEY_UIApplicationSupportsIndirectInputEvents = YES;
				INFOPLIST_KEY_UILaunchStoryboardName = LaunchScreen;
				INFOPLIST_KEY_UIMainStoryboardFile = Main;
				INFOPLIST_KEY_UISupportedInterfaceOrientations_iPad = "UIInterfaceOrientationPortrait UIInterfaceOrientationPortraitUpsideDown UIInterfaceOrientationLandscapeLeft UIInterfaceOrientationLandscapeRight";
				INFOPLIST_KEY_UISupportedInterfaceOrientations_iPhone = "UIInterfaceOrientationPortrait UIInterfaceOrientationLandscapeLeft UIInterfaceOrientationLandscapeRight";
				LD_RUNPATH_SEARCH_PATHS = (
					"$(inherited)",
					"@executable_path/Frameworks",
				);
				MARKETING_VERSION = 1.0;
				PRODUCT_BUNDLE_IDENTIFIER = com.iMtRo.InstagramSignUp;
				PRODUCT_NAME = "$(TARGET_NAME)";
				SWIFT_EMIT_LOC_STRINGS = YES;
				SWIFT_VERSION = 5.0;
				TARGETED_DEVICE_FAMILY = "1,2";
			};
			name = Debug;
		};
		CEB72402276E62D700260842 /* Release */ = {
			isa = XCBuildConfiguration;
			buildSettings = {
				ASSETCATALOG_COMPILER_APPICON_NAME = AppIcon;
				ASSETCATALOG_COMPILER_GLOBAL_ACCENT_COLOR_NAME = AccentColor;
				CODE_SIGN_STYLE = Automatic;
				CURRENT_PROJECT_VERSION = 1;
				GENERATE_INFOPLIST_FILE = YES;
				INFOPLIST_FILE = InstagramSignUp/Info.plist;
				INFOPLIST_KEY_UIApplicationSupportsIndirectInputEvents = YES;
				INFOPLIST_KEY_UILaunchStoryboardName = LaunchScreen;
				INFOPLIST_KEY_UIMainStoryboardFile = Main;
				INFOPLIST_KEY_UISupportedInterfaceOrientations_iPad = "UIInterfaceOrientationPortrait UIInterfaceOrientationPortraitUpsideDown UIInterfaceOrientationLandscapeLeft UIInterfaceOrientationLandscapeRight";
				INFOPLIST_KEY_UISupportedInterfaceOrientations_iPhone = "UIInterfaceOrientationPortrait UIInterfaceOrientationLandscapeLeft UIInterfaceOrientationLandscapeRight";
				LD_RUNPATH_SEARCH_PATHS = (
					"$(inherited)",
					"@executable_path/Frameworks",
				);
				MARKETING_VERSION = 1.0;
				PRODUCT_BUNDLE_IDENTIFIER = com.iMtRo.InstagramSignUp;
				PRODUCT_NAME = "$(TARGET_NAME)";
				SWIFT_EMIT_LOC_STRINGS = YES;
				SWIFT_VERSION = 5.0;
				TARGETED_DEVICE_FAMILY = "1,2";
			};
			name = Release;
		};
		CEB72404276E62D700260842 /* Debug */ = {
			isa = XCBuildConfiguration;
			buildSettings = {
				ALWAYS_EMBED_SWIFT_STANDARD_LIBRARIES = YES;
				BUNDLE_LOADER = "$(TEST_HOST)";
				CODE_SIGN_STYLE = Automatic;
				CURRENT_PROJECT_VERSION = 1;
				GENERATE_INFOPLIST_FILE = YES;
				IPHONEOS_DEPLOYMENT_TARGET = 15.2;
				MARKETING_VERSION = 1.0;
				PRODUCT_BUNDLE_IDENTIFIER = com.iMtRo.InstagramSignUpTests;
				PRODUCT_NAME = "$(TARGET_NAME)";
				SWIFT_EMIT_LOC_STRINGS = NO;
				SWIFT_VERSION = 5.0;
				TARGETED_DEVICE_FAMILY = "1,2";
				TEST_HOST = "$(BUILT_PRODUCTS_DIR)/InstagramSignUp.app/InstagramSignUp";
			};
			name = Debug;
		};
		CEB72405276E62D700260842 /* Release */ = {
			isa = XCBuildConfiguration;
			buildSettings = {
				ALWAYS_EMBED_SWIFT_STANDARD_LIBRARIES = YES;
				BUNDLE_LOADER = "$(TEST_HOST)";
				CODE_SIGN_STYLE = Automatic;
				CURRENT_PROJECT_VERSION = 1;
				GENERATE_INFOPLIST_FILE = YES;
				IPHONEOS_DEPLOYMENT_TARGET = 15.2;
				MARKETING_VERSION = 1.0;
				PRODUCT_BUNDLE_IDENTIFIER = com.iMtRo.InstagramSignUpTests;
				PRODUCT_NAME = "$(TARGET_NAME)";
				SWIFT_EMIT_LOC_STRINGS = NO;
				SWIFT_VERSION = 5.0;
				TARGETED_DEVICE_FAMILY = "1,2";
				TEST_HOST = "$(BUILT_PRODUCTS_DIR)/InstagramSignUp.app/InstagramSignUp";
			};
			name = Release;
		};
		CEB72407276E62D700260842 /* Debug */ = {
			isa = XCBuildConfiguration;
			buildSettings = {
				ALWAYS_EMBED_SWIFT_STANDARD_LIBRARIES = YES;
				CODE_SIGN_STYLE = Automatic;
				CURRENT_PROJECT_VERSION = 1;
				GENERATE_INFOPLIST_FILE = YES;
				MARKETING_VERSION = 1.0;
				PRODUCT_BUNDLE_IDENTIFIER = com.iMtRo.InstagramSignUpUITests;
				PRODUCT_NAME = "$(TARGET_NAME)";
				SWIFT_EMIT_LOC_STRINGS = NO;
				SWIFT_VERSION = 5.0;
				TARGETED_DEVICE_FAMILY = "1,2";
				TEST_TARGET_NAME = InstagramSignUp;
			};
			name = Debug;
		};
		CEB72408276E62D700260842 /* Release */ = {
			isa = XCBuildConfiguration;
			buildSettings = {
				ALWAYS_EMBED_SWIFT_STANDARD_LIBRARIES = YES;
				CODE_SIGN_STYLE = Automatic;
				CURRENT_PROJECT_VERSION = 1;
				GENERATE_INFOPLIST_FILE = YES;
				MARKETING_VERSION = 1.0;
				PRODUCT_BUNDLE_IDENTIFIER = com.iMtRo.InstagramSignUpUITests;
				PRODUCT_NAME = "$(TARGET_NAME)";
				SWIFT_EMIT_LOC_STRINGS = NO;
				SWIFT_VERSION = 5.0;
				TARGETED_DEVICE_FAMILY = "1,2";
				TEST_TARGET_NAME = InstagramSignUp;
			};
			name = Release;
		};
/* End XCBuildConfiguration section */

/* Begin XCConfigurationList section */
		CEB723D1276E62D500260842 /* Build configuration list for PBXProject "InstagramSignUp" */ = {
			isa = XCConfigurationList;
			buildConfigurations = (
				CEB723FE276E62D700260842 /* Debug */,
				CEB723FF276E62D700260842 /* Release */,
			);
			defaultConfigurationIsVisible = 0;
			defaultConfigurationName = Release;
		};
		CEB72400276E62D700260842 /* Build configuration list for PBXNativeTarget "InstagramSignUp" */ = {
			isa = XCConfigurationList;
			buildConfigurations = (
				CEB72401276E62D700260842 /* Debug */,
				CEB72402276E62D700260842 /* Release */,
			);
			defaultConfigurationIsVisible = 0;
			defaultConfigurationName = Release;
		};
		CEB72403276E62D700260842 /* Build configuration list for PBXNativeTarget "InstagramSignUpTests" */ = {
			isa = XCConfigurationList;
			buildConfigurations = (
				CEB72404276E62D700260842 /* Debug */,
				CEB72405276E62D700260842 /* Release */,
			);
			defaultConfigurationIsVisible = 0;
			defaultConfigurationName = Release;
		};
		CEB72406276E62D700260842 /* Build configuration list for PBXNativeTarget "InstagramSignUpUITests" */ = {
			isa = XCConfigurationList;
			buildConfigurations = (
				CEB72407276E62D700260842 /* Debug */,
				CEB72408276E62D700260842 /* Release */,
			);
			defaultConfigurationIsVisible = 0;
			defaultConfigurationName = Release;
		};
/* End XCConfigurationList section */
	};
	rootObject = CEB723CE276E62D500260842 /* Project object */;
}
